
Microsoft Visual Studio Solution File, Format Version 12.00
# Visual Studio Version 17
VisualStudioVersion = 17.6.33815.320
MinimumVisualStudioVersion = 10.0.40219.1
Project("{FAE04EC0-301F-11D3-BF4B-00C04F79EFBC}") = "Zadanie8.4", "Zadanie8.4.csproj", "{7317C1FA-37A2-4D29-8A49-8349B6297197}"
EndProject
Global
	GlobalSection(SolutionConfigurationPlatforms) = preSolution
		Debug|Any CPU = Debug|Any CPU
		Release|Any CPU = Release|Any CPU
	EndGlobalSection
	GlobalSection(ProjectConfigurationPlatforms) = postSolution
		{7317C1FA-37A2-4D29-8A49-8349B6297197}.Debug|Any CPU.ActiveCfg = Debug|Any CPU
		{7317C1FA-37A2-4D29-8A49-8349B6297197}.Debug|Any CPU.Build.0 = Debug|Any CPU
		{7317C1FA-37A2-4D29-8A49-8349B6297197}.Release|Any CPU.ActiveCfg = Release|Any CPU
		{7317C1FA-37A2-4D29-8A49-8349B6297197}.Release|Any CPU.Build.0 = Release|Any CPU
	EndGlobalSection
	GlobalSection(SolutionProperties) = preSolution
		HideSolutionNode = FALSE
	EndGlobalSection
	GlobalSection(ExtensibilityGlobals) = postSolution
		SolutionGuid = {FD0081E4-33C2-419B-AFD9-9F5B556AAC81}
	EndGlobalSection
EndGlobal
